
Microsoft Visual Studio Solution File, Format Version 12.00
# Visual Studio Version 16
VisualStudioVersion = 16.0.28917.181
MinimumVisualStudioVersion = 10.0.40219.1
Project("{FAE04EC0-301F-11D3-BF4B-00C04F79EFBC}") = "Doctors Office Management System", "Doctors Office Management System\Doctors Office Management System.csproj", "{32F65953-38AF-4879-9828-20CE04A53293}"
EndProject
Global
	GlobalSection(SolutionConfigurationPlatforms) = preSolution
		Debug|Any CPU = Debug|Any CPU
		Release|Any CPU = Release|Any CPU
	EndGlobalSection
	GlobalSection(ProjectConfigurationPlatforms) = postSolution
		{32F65953-38AF-4879-9828-20CE04A53293}.Debug|Any CPU.ActiveCfg = Debug|Any CPU
		{32F65953-38AF-4879-9828-20CE04A53293}.Debug|Any CPU.Build.0 = Debug|Any CPU
		{32F65953-38AF-4879-9828-20CE04A53293}.Release|Any CPU.ActiveCfg = Release|Any CPU
		{32F65953-38AF-4879-9828-20CE04A53293}.Release|Any CPU.Build.0 = Release|Any CPU
	EndGlobalSection
	GlobalSection(SolutionProperties) = preSolution
		HideSolutionNode = FALSE
	EndGlobalSection
	GlobalSection(ExtensibilityGlobals) = postSolution
		SolutionGuid = {AD3C777C-B487-4C0D-B2E2-6BF65B049ACA}
	EndGlobalSection
EndGlobal
